Microsoft Visual Studio Solution File, Format Version 12.00
# Visual Studio Version 17
VisualStudioVersion = 17.13.35617.110
MinimumVisualStudioVersion = 10.0.40219.1
Project("{FAE04EC0-301F-11D3-BF4B-00C04F79EFBC}") = "Client", "Client\Client.csproj", "{328D4DA4-93FB-4777-94F0-7F10783F2E09}"
EndProject
Project("{FAE04EC0-301F-11D3-BF4B-00C04F79EFBC}") = "Client.Shared", "Client.Shared\Client.Shared.csproj", "{7F7A1ED8-036E-4272-9C4C-3A50DD0F4530}"
EndProject
Project("{FAE04EC0-301F-11D3-BF4B-00C04F79EFBC}") = "Client.Web", "Client.Web\Client.Web.csproj", "{D8D8D97D-ED9A-4610-B176-E1877A0921B2}"
EndProject
Global
	GlobalSection(SolutionConfigurationPlatforms) = preSolution
		Debug|Any CPU = Debug|Any CPU
		Release|Any CPU = Release|Any CPU
	EndGlobalSection
	GlobalSection(ProjectConfigurationPlatforms) = postSolution
		{328D4DA4-93FB-4777-94F0-7F10783F2E09}.Debug|Any CPU.ActiveCfg = Debug|Any CPU
		{328D4DA4-93FB-4777-94F0-7F10783F2E09}.Debug|Any CPU.Build.0 = Debug|Any CPU
		{328D4DA4-93FB-4777-94F0-7F10783F2E09}.Release|Any CPU.ActiveCfg = Release|Any CPU
		{328D4DA4-93FB-4777-94F0-7F10783F2E09}.Release|Any CPU.Build.0 = Release|Any CPU
		{7F7A1ED8-036E-4272-9C4C-3A50DD0F4530}.Debug|Any CPU.ActiveCfg = Debug|Any CPU
		{7F7A1ED8-036E-4272-9C4C-3A50DD0F4530}.Debug|Any CPU.Build.0 = Debug|Any CPU
		{7F7A1ED8-036E-4272-9C4C-3A50DD0F4530}.Release|Any CPU.ActiveCfg = Release|Any CPU
		{7F7A1ED8-036E-4272-9C4C-3A50DD0F4530}.Release|Any CPU.Build.0 = Release|Any CPU
		{D8D8D97D-ED9A-4610-B176-E1877A0921B2}.Debug|Any CPU.ActiveCfg = Debug|Any CPU
		{D8D8D97D-ED9A-4610-B176-E1877A0921B2}.Debug|Any CPU.Build.0 = Debug|Any CPU
		{D8D8D97D-ED9A-4610-B176-E1877A0921B2}.Release|Any CPU.ActiveCfg = Release|Any CPU
		{D8D8D97D-ED9A-4610-B176-E1877A0921B2}.Release|Any CPU.Build.0 = Release|Any CPU
	EndGlobalSection
	GlobalSection(SolutionProperties) = preSolution
		HideSolutionNode = FALSE
	EndGlobalSection
	GlobalSection(ExtensibilityGlobals) = postSolution
		SolutionGuid = {918AF7E2-25B7-414C-B00D-D20CA9384666}
	EndGlobalSection
EndGlobal
